
Microsoft Visual Studio Solution File, Format Version 12.00
# Visual Studio Version 16
VisualStudioVersion = 16.0.29609.76
MinimumVisualStudioVersion = 10.0.40219.1
Project("{9A19103F-16F7-4668-BE54-9A1E7A4F7556}") = "Wingra", "Wingra\Wingra.csproj", "{E191E5B3-F457-4718-977E-96F80E53E125}"
EndProject
Project("{9A19103F-16F7-4668-BE54-9A1E7A4F7556}") = "ILanguage", "ILanguage\ILanguage.csproj", "{65087D33-0CD3-4BAD-96B4-6A2CE48771B2}"
EndProject
Project("{9A19103F-16F7-4668-BE54-9A1E7A4F7556}") = "WingraConsole", "WingraConsole\WingraConsole.csproj", "{C3D73754-B2B9-4441-8B82-87D23FF3B1E7}"
	ProjectSection(ProjectDependencies) = postProject
		{A6052B05-9CF0-4F74-B335-A037376DD83A} = {A6052B05-9CF0-4F74-B335-A037376DD83A}
		{F014F424-A1A6-40B5-AD0D-4DDE14F23860} = {F014F424-A1A6-40B5-AD0D-4DDE14F23860}
	EndProjectSection
EndProject
Project("{9A19103F-16F7-4668-BE54-9A1E7A4F7556}") = "ExtConsole", "Extensions\WingraAdvancedConsole\ExtConsole.csproj", "{F014F424-A1A6-40B5-AD0D-4DDE14F23860}"
EndProject
Project("{9A19103F-16F7-4668-BE54-9A1E7A4F7556}") = "ExtFileSystem", "Extensions\ExtFileSystem\ExtFileSystem.csproj", "{A6052B05-9CF0-4F74-B335-A037376DD83A}"
EndProject
Global
	GlobalSection(SolutionConfigurationPlatforms) = preSolution
		Debug|Any CPU = Debug|Any CPU
		Release|Any CPU = Release|Any CPU
	EndGlobalSection
	GlobalSection(ProjectConfigurationPlatforms) = postSolution
		{E191E5B3-F457-4718-977E-96F80E53E125}.Debug|Any CPU.ActiveCfg = Debug|Any CPU
		{E191E5B3-F457-4718-977E-96F80E53E125}.Debug|Any CPU.Build.0 = Debug|Any CPU
		{E191E5B3-F457-4718-977E-96F80E53E125}.Release|Any CPU.ActiveCfg = Release|Any CPU
		{E191E5B3-F457-4718-977E-96F80E53E125}.Release|Any CPU.Build.0 = Release|Any CPU
		{65087D33-0CD3-4BAD-96B4-6A2CE48771B2}.Debug|Any CPU.ActiveCfg = Debug|Any CPU
		{65087D33-0CD3-4BAD-96B4-6A2CE48771B2}.Debug|Any CPU.Build.0 = Debug|Any CPU
		{65087D33-0CD3-4BAD-96B4-6A2CE48771B2}.Release|Any CPU.ActiveCfg = Release|Any CPU
		{65087D33-0CD3-4BAD-96B4-6A2CE48771B2}.Release|Any CPU.Build.0 = Release|Any CPU
		{C3D73754-B2B9-4441-8B82-87D23FF3B1E7}.Debug|Any CPU.ActiveCfg = Debug|Any CPU
		{C3D73754-B2B9-4441-8B82-87D23FF3B1E7}.Debug|Any CPU.Build.0 = Debug|Any CPU
		{C3D73754-B2B9-4441-8B82-87D23FF3B1E7}.Release|Any CPU.ActiveCfg = Release|Any CPU
		{C3D73754-B2B9-4441-8B82-87D23FF3B1E7}.Release|Any CPU.Build.0 = Release|Any CPU
		{F014F424-A1A6-40B5-AD0D-4DDE14F23860}.Debug|Any CPU.ActiveCfg = Debug|Any CPU
		{F014F424-A1A6-40B5-AD0D-4DDE14F23860}.Debug|Any CPU.Build.0 = Debug|Any CPU
		{F014F424-A1A6-40B5-AD0D-4DDE14F23860}.Release|Any CPU.ActiveCfg = Release|Any CPU
		{F014F424-A1A6-40B5-AD0D-4DDE14F23860}.Release|Any CPU.Build.0 = Release|Any CPU
		{A6052B05-9CF0-4F74-B335-A037376DD83A}.Debug|Any CPU.ActiveCfg = Debug|Any CPU
		{A6052B05-9CF0-4F74-B335-A037376DD83A}.Debug|Any CPU.Build.0 = Debug|Any CPU
		{A6052B05-9CF0-4F74-B335-A037376DD83A}.Release|Any CPU.ActiveCfg = Release|Any CPU
		{A6052B05-9CF0-4F74-B335-A037376DD83A}.Release|Any CPU.Build.0 = Release|Any CPU
	EndGlobalSection
	GlobalSection(SolutionProperties) = preSolution
		HideSolutionNode = FALSE
	EndGlobalSection
	GlobalSection(ExtensibilityGlobals) = postSolution
		SolutionGuid = {CE8DF30F-88E8-477A-8A85-6D1929DC7C0D}
	EndGlobalSection
EndGlobal
